{
    "_readme": [
        "This file locks the dependencies of your project to a known state",
        "Read more about it at https://getcomposer.org/doc/01-basic-usage.md#installing-dependencies",
        "This file is @generated automatically"
    ],
    "content-hash": "21e73bac314d306c43a9f6d28601c225",
    "packages": [
        {
            "name": "kyle-niemiec/wp-plugin-framework",
            "version": "1.2.0",
            "source": {
                "type": "git",
                "url": "https://github.com/kyle-niemiec/wp-plugin-framework.git",
                "reference": "51298905547c0956028e832851ff70d2f64a2375"
            },
            "dist": {
                "type": "zip",
                "url": "https://api.github.com/repos/kyle-niemiec/wp-plugin-framework/zipball/51298905547c0956028e832851ff70d2f64a2375",
                "reference": "51298905547c0956028e832851ff70d2f64a2375",
                "shasum": ""
            },
            "require-dev": {
                "code-lts/doctum": "^5.5",
                "symfony/console": "^6.4"
            },
            "bin": [
                "bin/wppf"
            ],
            "type": "library",
            "autoload": {
                "psr-4": {
                    "WPPF\\": ""
                }
            },
            "notification-url": "https://packagist.org/downloads/",
            "license": [
                "GPL-3.0"
            ],
            "authors": [
                {
                    "name": "Kyle Niemiec",
                    "email": "kyle@codeflower.io"
                }
            ],
            "description": "My framework for facilitating WordPress plugin development.",
            "support": {
                "source": "https://github.com/kyle-niemiec/wp-plugin-framework/tree/v1.2.0"
            },
            "time": "2026-01-21T02:53:16+00:00"
        }
    ],
    "packages-dev": [],
    "aliases": [],
    "minimum-stability": "stable",
    "stability-flags": {},
    "prefer-stable": false,
    "prefer-lowest": false,
    "platform": {},
    "platform-dev": {},
    "plugin-api-version": "2.9.0"
}
